// !$*UTF8*$!
{
	archiveVersion = 1;
	classes = {
	};
	objectVersion = 56;
	objects = {

/* Begin PBXBuildFile section */
		CD3E3F3E2ACB00560042516E /* IACCTests.swift in Sources */ = {isa = PBXBuildFile; fileRef = CD3E3F3D2ACB00560042516E /* IACCTests.swift */; };
		CD3E3F472ACB007B0042516E /* FriendsIntegrationTests.swift in Sources */ = {isa = PBXBuildFile; fileRef = CD3E3F462ACB007B0042516E /* FriendsIntegrationTests.swift */; };
		CD3E3F492ACB00A20042516E /* FriendsCache+TestHelpers.swift in Sources */ = {isa = PBXBuildFile; fileRef = CD3E3F482ACB00A20042516E /* FriendsCache+TestHelpers.swift */; };
		CD3E3F4B2ACB00B20042516E /* FriendsAPI+TestHelpers.swift in Sources */ = {isa = PBXBuildFile; fileRef = CD3E3F4A2ACB00B20042516E /* FriendsAPI+TestHelpers.swift */; };
		CD3E3F4D2ACB00C30042516E /* Friend+TestHelpers.swift in Sources */ = {isa = PBXBuildFile; fileRef = CD3E3F4C2ACB00C30042516E /* Friend+TestHelpers.swift */; };
		CD3E3F502ACB0ED70042516E /* SceneBuilder.swift in Sources */ = {isa = PBXBuildFile; fileRef = CD3E3F4F2ACB0ED70042516E /* SceneBuilder.swift */; };
		CD3E3F522ACB12620042516E /* ContainerViewControllerSpy.swift in Sources */ = {isa = PBXBuildFile; fileRef = CD3E3F512ACB12620042516E /* ContainerViewControllerSpy.swift */; };
		CD3E3F542ACB201D0042516E /* ListViewController+TestHelpers.swift in Sources */ = {isa = PBXBuildFile; fileRef = CD3E3F532ACB201D0042516E /* ListViewController+TestHelpers.swift */; };
		CD3E3F562ACB25300042516E /* UIBarButtonItem+TestHelpers.swift in Sources */ = {isa = PBXBuildFile; fileRef = CD3E3F552ACB25300042516E /* UIBarButtonItem+TestHelpers.swift */; };
		CD3E3F582ACB31360042516E /* User+TestHelpers.swift in Sources */ = {isa = PBXBuildFile; fileRef = CD3E3F572ACB31360042516E /* User+TestHelpers.swift */; };
		CDCCD45C2ACA8A1200763273 /* AppDelegate.swift in Sources */ = {isa = PBXBuildFile; fileRef = CDCCD45B2ACA8A1200763273 /* AppDelegate.swift */; };
		CDCCD45E2ACA8A1200763273 /* SceneDelegate.swift in Sources */ = {isa = PBXBuildFile; fileRef = CDCCD45D2ACA8A1200763273 /* SceneDelegate.swift */; };
		CDCCD4602ACA8A1200763273 /* ViewController.swift in Sources */ = {isa = PBXBuildFile; fileRef = CDCCD45F2ACA8A1200763273 /* ViewController.swift */; };
		CDCCD4652ACA8A1900763273 /* Assets.xcassets in Resources */ = {isa = PBXBuildFile; fileRef = CDCCD4642ACA8A1900763273 /* Assets.xcassets */; };
		CDCCD4682ACA8A1900763273 /* LaunchScreen.storyboard in Resources */ = {isa = PBXBuildFile; fileRef = CDCCD4662ACA8A1900763273 /* LaunchScreen.storyboard */; };
		CDCCD4702ACA8B5B00763273 /* MainTabBarController.swift in Sources */ = {isa = PBXBuildFile; fileRef = CDCCD46F2ACA8B5B00763273 /* MainTabBarController.swift */; };
		CDCCD4722ACA8C8500763273 /* ListViewController.swift in Sources */ = {isa = PBXBuildFile; fileRef = CDCCD4712ACA8C8500763273 /* ListViewController.swift */; };
		CDCCD4742ACA8D7500763273 /* NotImplementedViewControllers.swift in Sources */ = {isa = PBXBuildFile; fileRef = CDCCD4732ACA8D7500763273 /* NotImplementedViewControllers.swift */; };
		CDCCD4762ACA99F800763273 /* FriendsAPI.swift in Sources */ = {isa = PBXBuildFile; fileRef = CDCCD4752ACA99F800763273 /* FriendsAPI.swift */; };
		CDCCD4782ACA9ADC00763273 /* FriendsCache.swift in Sources */ = {isa = PBXBuildFile; fileRef = CDCCD4772ACA9ADC00763273 /* FriendsCache.swift */; };
		CDCCD47A2ACA9D1900763273 /* Helpers.swift in Sources */ = {isa = PBXBuildFile; fileRef = CDCCD4792ACA9D1900763273 /* Helpers.swift */; };
		CDCCD47C2ACA9E2C00763273 /* User.swift in Sources */ = {isa = PBXBuildFile; fileRef = CDCCD47B2ACA9E2C00763273 /* User.swift */; };
/* End PBXBuildFile section */

/* Begin PBXContainerItemProxy section */
		CD3E3F3F2ACB00560042516E /* PBXContainerItemProxy */ = {
			isa = PBXContainerItemProxy;
			containerPortal = CDCCD4502ACA8A1200763273 /* Project object */;
			proxyType = 1;
			remoteGlobalIDString = CDCCD4572ACA8A1200763273;
			remoteInfo = IACC;
		};
/* End PBXContainerItemProxy section */

/* Begin PBXFileReference section */
		CD3E3F3B2ACB00560042516E /* IACCTests.xctest */ = {isa = PBXFileReference; explicitFileType = wrapper.cfbundle; includeInIndex = 0; path = IACCTests.xctest; sourceTree = BUILT_PRODUCTS_DIR; };
		CD3E3F3D2ACB00560042516E /* IACCTests.swift */ = {isa = PBXFileReference; lastKnownFileType = sourcecode.swift; path = IACCTests.swift; sourceTree = "<group>"; };
		CD3E3F462ACB007B0042516E /* FriendsIntegrationTests.swift */ = {isa = PBXFileReference; lastKnownFileType = sourcecode.swift; path = FriendsIntegrationTests.swift; sourceTree = "<group>"; };
		CD3E3F482ACB00A20042516E /* FriendsCache+TestHelpers.swift */ = {isa = PBXFileReference; lastKnownFileType = sourcecode.swift; path = "FriendsCache+TestHelpers.swift"; sourceTree = "<group>"; };
		CD3E3F4A2ACB00B20042516E /* FriendsAPI+TestHelpers.swift */ = {isa = PBXFileReference; lastKnownFileType = sourcecode.swift; path = "FriendsAPI+TestHelpers.swift"; sourceTree = "<group>"; };
		CD3E3F4C2ACB00C30042516E /* Friend+TestHelpers.swift */ = {isa = PBXFileReference; lastKnownFileType = sourcecode.swift; path = "Friend+TestHelpers.swift"; sourceTree = "<group>"; };
		CD3E3F4F2ACB0ED70042516E /* SceneBuilder.swift */ = {isa = PBXFileReference; lastKnownFileType = sourcecode.swift; path = SceneBuilder.swift; sourceTree = "<group>"; };
		CD3E3F512ACB12620042516E /* ContainerViewControllerSpy.swift */ = {isa = PBXFileReference; lastKnownFileType = sourcecode.swift; path = ContainerViewControllerSpy.swift; sourceTree = "<group>"; };
		CD3E3F532ACB201D0042516E /* ListViewController+TestHelpers.swift */ = {isa = PBXFileReference; lastKnownFileType = sourcecode.swift; path = "ListViewController+TestHelpers.swift"; sourceTree = "<group>"; };
		CD3E3F552ACB25300042516E /* UIBarButtonItem+TestHelpers.swift */ = {isa = PBXFileReference; lastKnownFileType = sourcecode.swift; path = "UIBarButtonItem+TestHelpers.swift"; sourceTree = "<group>"; };
		CD3E3F572ACB31360042516E /* User+TestHelpers.swift */ = {isa = PBXFileReference; lastKnownFileType = sourcecode.swift; path = "User+TestHelpers.swift"; sourceTree = "<group>"; };
		CDCCD4582ACA8A1200763273 /* IACC.app */ = {isa = PBXFileReference; explicitFileType = wrapper.application; includeInIndex = 0; path = IACC.app; sourceTree = BUILT_PRODUCTS_DIR; };
		CDCCD45B2ACA8A1200763273 /* AppDelegate.swift */ = {isa = PBXFileReference; lastKnownFileType = sourcecode.swift; path = AppDelegate.swift; sourceTree = "<group>"; };
		CDCCD45D2ACA8A1200763273 /* SceneDelegate.swift */ = {isa = PBXFileReference; lastKnownFileType = sourcecode.swift; path = SceneDelegate.swift; sourceTree = "<group>"; };
		CDCCD45F2ACA8A1200763273 /* ViewController.swift */ = {isa = PBXFileReference; lastKnownFileType = sourcecode.swift; path = ViewController.swift; sourceTree = "<group>"; };
		CDCCD4642ACA8A1900763273 /* Assets.xcassets */ = {isa = PBXFileReference; lastKnownFileType = folder.assetcatalog; path = Assets.xcassets; sourceTree = "<group>"; };
		CDCCD4672ACA8A1900763273 /* Base */ = {isa = PBXFileReference; lastKnownFileType = file.storyboard; name = Base; path = Base.lproj/LaunchScreen.storyboard; sourceTree = "<group>"; };
		CDCCD4692ACA8A1900763273 /* Info.plist */ = {isa = PBXFileReference; lastKnownFileType = text.plist.xml; path = Info.plist; sourceTree = "<group>"; };
		CDCCD46F2ACA8B5B00763273 /* MainTabBarController.swift */ = {isa = PBXFileReference; lastKnownFileType = sourcecode.swift; path = MainTabBarController.swift; sourceTree = "<group>"; };
		CDCCD4712ACA8C8500763273 /* ListViewController.swift */ = {isa = PBXFileReference; lastKnownFileType = sourcecode.swift; path = ListViewController.swift; sourceTree = "<group>"; };
		CDCCD4732ACA8D7500763273 /* NotImplementedViewControllers.swift */ = {isa = PBXFileReference; lastKnownFileType = sourcecode.swift; path = NotImplementedViewControllers.swift; sourceTree = "<group>"; };
		CDCCD4752ACA99F800763273 /* FriendsAPI.swift */ = {isa = PBXFileReference; lastKnownFileType = sourcecode.swift; path = FriendsAPI.swift; sourceTree = "<group>"; };
		CDCCD4772ACA9ADC00763273 /* FriendsCache.swift */ = {isa = PBXFileReference; lastKnownFileType = sourcecode.swift; path = FriendsCache.swift; sourceTree = "<group>"; };
		CDCCD4792ACA9D1900763273 /* Helpers.swift */ = {isa = PBXFileReference; lastKnownFileType = sourcecode.swift; path = Helpers.swift; sourceTree = "<group>"; };
		CDCCD47B2ACA9E2C00763273 /* User.swift */ = {isa = PBXFileReference; lastKnownFileType = sourcecode.swift; path = User.swift; sourceTree = "<group>"; };
/* End PBXFileReference section */

/* Begin PBXFrameworksBuildPhase section */
		CD3E3F382ACB00560042516E /* Frameworks */ = {
			isa = PBXFrameworksBuildPhase;
			buildActionMask = 2147483647;
			files = (
			);
			runOnlyForDeploymentPostprocessing = 0;
		};
		CDCCD4552ACA8A1200763273 /* Frameworks */ = {
			isa = PBXFrameworksBuildPhase;
			buildActionMask = 2147483647;
			files = (
			);
			runOnlyForDeploymentPostprocessing = 0;
		};
/* End PBXFrameworksBuildPhase section */

/* Begin PBXGroup section */
		CD3E3F3C2ACB00560042516E /* IACCTests */ = {
			isa = PBXGroup;
			children = (
				CD3E3F4E2ACB0EC00042516E /* Helpers */,
				CD3E3F442ACB00600042516E /* Friends */,
				CD3E3F3D2ACB00560042516E /* IACCTests.swift */,
			);
			path = IACCTests;
			sourceTree = "<group>";
		};
		CD3E3F442ACB00600042516E /* Friends */ = {
			isa = PBXGroup;
			children = (
				CD3E3F452ACB00680042516E /* Helpers */,
				CD3E3F462ACB007B0042516E /* FriendsIntegrationTests.swift */,
			);
			path = Friends;
			sourceTree = "<group>";
		};
		CD3E3F452ACB00680042516E /* Helpers */ = {
			isa = PBXGroup;
			children = (
				CD3E3F482ACB00A20042516E /* FriendsCache+TestHelpers.swift */,
				CD3E3F4A2ACB00B20042516E /* FriendsAPI+TestHelpers.swift */,
				CD3E3F4C2ACB00C30042516E /* Friend+TestHelpers.swift */,
			);
			path = Helpers;
			sourceTree = "<group>";
		};
		CD3E3F4E2ACB0EC00042516E /* Helpers */ = {
			isa = PBXGroup;
			children = (
				CD3E3F4F2ACB0ED70042516E /* SceneBuilder.swift */,
				CD3E3F512ACB12620042516E /* ContainerViewControllerSpy.swift */,
				CD3E3F532ACB201D0042516E /* ListViewController+TestHelpers.swift */,
				CD3E3F552ACB25300042516E /* UIBarButtonItem+TestHelpers.swift */,
				CD3E3F572ACB31360042516E /* User+TestHelpers.swift */,
			);
			path = Helpers;
			sourceTree = "<group>";
		};
		CDCCD44F2ACA8A1200763273 = {
			isa = PBXGroup;
			children = (
				CDCCD45A2ACA8A1200763273 /* IACC */,
				CD3E3F3C2ACB00560042516E /* IACCTests */,
				CDCCD4592ACA8A1200763273 /* Products */,
			);
			sourceTree = "<group>";
		};
		CDCCD4592ACA8A1200763273 /* Products */ = {
			isa = PBXGroup;
			children = (
				CDCCD4582ACA8A1200763273 /* IACC.app */,
				CD3E3F3B2ACB00560042516E /* IACCTests.xctest */,
			);
			name = Products;
			sourceTree = "<group>";
		};
		CDCCD45A2ACA8A1200763273 /* IACC */ = {
			isa = PBXGroup;
			children = (
				CDCCD45B2ACA8A1200763273 /* AppDelegate.swift */,
				CDCCD45D2ACA8A1200763273 /* SceneDelegate.swift */,
				CDCCD45F2ACA8A1200763273 /* ViewController.swift */,
				CDCCD4642ACA8A1900763273 /* Assets.xcassets */,
				CDCCD4662ACA8A1900763273 /* LaunchScreen.storyboard */,
				CDCCD4692ACA8A1900763273 /* Info.plist */,
				CDCCD46F2ACA8B5B00763273 /* MainTabBarController.swift */,
				CDCCD4712ACA8C8500763273 /* ListViewController.swift */,
				CDCCD4732ACA8D7500763273 /* NotImplementedViewControllers.swift */,
				CDCCD4752ACA99F800763273 /* FriendsAPI.swift */,
				CDCCD4772ACA9ADC00763273 /* FriendsCache.swift */,
				CDCCD4792ACA9D1900763273 /* Helpers.swift */,
				CDCCD47B2ACA9E2C00763273 /* User.swift */,
			);
			path = IACC;
			sourceTree = "<group>";
		};
/* End PBXGroup section */

/* Begin PBXNativeTarget section */
		CD3E3F3A2ACB00560042516E /* IACCTests */ = {
			isa = PBXNativeTarget;
			buildConfigurationList = CD3E3F412ACB00560042516E /* Build configuration list for PBXNativeTarget "IACCTests" */;
			buildPhases = (
				CD3E3F372ACB00560042516E /* Sources */,
				CD3E3F382ACB00560042516E /* Frameworks */,
				CD3E3F392ACB00560042516E /* Resources */,
			);
			buildRules = (
			);
			dependencies = (
				CD3E3F402ACB00560042516E /* PBXTargetDependency */,
			);
			name = IACCTests;
			productName = IACCTests;
			productReference = CD3E3F3B2ACB00560042516E /* IACCTests.xctest */;
			productType = "com.apple.product-type.bundle.unit-test";
		};
		CDCCD4572ACA8A1200763273 /* IACC */ = {
			isa = PBXNativeTarget;
			buildConfigurationList = CDCCD46C2ACA8A1900763273 /* Build configuration list for PBXNativeTarget "IACC" */;
			buildPhases = (
				CDCCD4542ACA8A1200763273 /* Sources */,
				CDCCD4552ACA8A1200763273 /* Frameworks */,
				CDCCD4562ACA8A1200763273 /* Resources */,
			);
			buildRules = (
			);
			dependencies = (
			);
			name = IACC;
			productName = IACC;
			productReference = CDCCD4582ACA8A1200763273 /* IACC.app */;
			productType = "com.apple.product-type.application";
		};
/* End PBXNativeTarget section */

/* Begin PBXProject section */
		CDCCD4502ACA8A1200763273 /* Project object */ = {
			isa = PBXProject;
			attributes = {
				BuildIndependentTargetsInParallel = 1;
				LastSwiftUpdateCheck = 1420;
				LastUpgradeCheck = 1420;
				TargetAttributes = {
					CD3E3F3A2ACB00560042516E = {
						CreatedOnToolsVersion = 14.2;
						TestTargetID = CDCCD4572ACA8A1200763273;
					};
					CDCCD4572ACA8A1200763273 = {
						CreatedOnToolsVersion = 14.2;
					};
				};
			};
			buildConfigurationList = CDCCD4532ACA8A1200763273 /* Build configuration list for PBXProject "IACC" */;
			compatibilityVersion = "Xcode 14.0";
			developmentRegion = en;
			hasScannedForEncodings = 0;
			knownRegions = (
				en,
				Base,
			);
			mainGroup = CDCCD44F2ACA8A1200763273;
			productRefGroup = CDCCD4592ACA8A1200763273 /* Products */;
			projectDirPath = "";
			projectRoot = "";
			targets = (
				CDCCD4572ACA8A1200763273 /* IACC */,
				CD3E3F3A2ACB00560042516E /* IACCTests */,
			);
		};
/* End PBXProject section */

/* Begin PBXResourcesBuildPhase section */
		CD3E3F392ACB00560042516E /* Resources */ = {
			isa = PBXResourcesBuildPhase;
			buildActionMask = 2147483647;
			files = (
			);
			runOnlyForDeploymentPostprocessing = 0;
		};
		CDCCD4562ACA8A1200763273 /* Resources */ = {
			isa = PBXResourcesBuildPhase;
			buildActionMask = 2147483647;
			files = (
				CDCCD4682ACA8A1900763273 /* LaunchScreen.storyboard in Resources */,
				CDCCD4652ACA8A1900763273 /* Assets.xcassets in Resources */,
			);
			runOnlyForDeploymentPostprocessing = 0;
		};
/* End PBXResourcesBuildPhase section */

/* Begin PBXSourcesBuildPhase section */
		CD3E3F372ACB00560042516E /* Sources */ = {
			isa = PBXSourcesBuildPhase;
			buildActionMask = 2147483647;
			files = (
				CD3E3F542ACB201D0042516E /* ListViewController+TestHelpers.swift in Sources */,
				CD3E3F472ACB007B0042516E /* FriendsIntegrationTests.swift in Sources */,
				CD3E3F3E2ACB00560042516E /* IACCTests.swift in Sources */,
				CD3E3F502ACB0ED70042516E /* SceneBuilder.swift in Sources */,
				CD3E3F562ACB25300042516E /* UIBarButtonItem+TestHelpers.swift in Sources */,
				CD3E3F4B2ACB00B20042516E /* FriendsAPI+TestHelpers.swift in Sources */,
				CD3E3F582ACB31360042516E /* User+TestHelpers.swift in Sources */,
				CD3E3F522ACB12620042516E /* ContainerViewControllerSpy.swift in Sources */,
				CD3E3F4D2ACB00C30042516E /* Friend+TestHelpers.swift in Sources */,
				CD3E3F492ACB00A20042516E /* FriendsCache+TestHelpers.swift in Sources */,
			);
			runOnlyForDeploymentPostprocessing = 0;
		};
		CDCCD4542ACA8A1200763273 /* Sources */ = {
			isa = PBXSourcesBuildPhase;
			buildActionMask = 2147483647;
			files = (
				CDCCD4602ACA8A1200763273 /* ViewController.swift in Sources */,
				CDCCD45C2ACA8A1200763273 /* AppDelegate.swift in Sources */,
				CDCCD4762ACA99F800763273 /* FriendsAPI.swift in Sources */,
				CDCCD4702ACA8B5B00763273 /* MainTabBarController.swift in Sources */,
				CDCCD47A2ACA9D1900763273 /* Helpers.swift in Sources */,
				CDCCD4782ACA9ADC00763273 /* FriendsCache.swift in Sources */,
				CDCCD4722ACA8C8500763273 /* ListViewController.swift in Sources */,
				CDCCD45E2ACA8A1200763273 /* SceneDelegate.swift in Sources */,
				CDCCD47C2ACA9E2C00763273 /* User.swift in Sources */,
				CDCCD4742ACA8D7500763273 /* NotImplementedViewControllers.swift in Sources */,
			);
			runOnlyForDeploymentPostprocessing = 0;
		};
/* End PBXSourcesBuildPhase section */

/* Begin PBXTargetDependency section */
		CD3E3F402ACB00560042516E /* PBXTargetDependency */ = {
			isa = PBXTargetDependency;
			target = CDCCD4572ACA8A1200763273 /* IACC */;
			targetProxy = CD3E3F3F2ACB00560042516E /* PBXContainerItemProxy */;
		};
/* End PBXTargetDependency section */

/* Begin PBXVariantGroup section */
		CDCCD4662ACA8A1900763273 /* LaunchScreen.storyboard */ = {
			isa = PBXVariantGroup;
			children = (
				CDCCD4672ACA8A1900763273 /* Base */,
			);
			name = LaunchScreen.storyboard;
			sourceTree = "<group>";
		};
/* End PBXVariantGroup section */

/* Begin XCBuildConfiguration section */
		CD3E3F422ACB00560042516E /* Debug */ = {
			isa = XCBuildConfiguration;
			buildSettings = {
				BUNDLE_LOADER = "$(TEST_HOST)";
				CODE_SIGN_STYLE = Automatic;
				CURRENT_PROJECT_VERSION = 1;
				DEVELOPMENT_TEAM = 52W5AMT5C2;
				GENERATE_INFOPLIST_FILE = YES;
				MARKETING_VERSION = 1.0;
				PRODUCT_BUNDLE_IDENTIFIER = mbayi.IACCTests;
				PRODUCT_NAME = "$(TARGET_NAME)";
				SWIFT_EMIT_LOC_STRINGS = NO;
				SWIFT_VERSION = 5.0;
				TARGETED_DEVICE_FAMILY = "1,2";
				TEST_HOST = "$(BUILT_PRODUCTS_DIR)/IACC.app/$(BUNDLE_EXECUTABLE_FOLDER_PATH)/IACC";
			};
			name = Debug;
		};
		CD3E3F432ACB00560042516E /* Release */ = {
			isa = XCBuildConfiguration;
			buildSettings = {
				BUNDLE_LOADER = "$(TEST_HOST)";
				CODE_SIGN_STYLE = Automatic;
				CURRENT_PROJECT_VERSION = 1;
				DEVELOPMENT_TEAM = 52W5AMT5C2;
				GENERATE_INFOPLIST_FILE = YES;
				MARKETING_VERSION = 1.0;
				PRODUCT_BUNDLE_IDENTIFIER = mbayi.IACCTests;
				PRODUCT_NAME = "$(TARGET_NAME)";
				SWIFT_EMIT_LOC_STRINGS = NO;
				SWIFT_VERSION = 5.0;
				TARGETED_DEVICE_FAMILY = "1,2";
				TEST_HOST = "$(BUILT_PRODUCTS_DIR)/IACC.app/$(BUNDLE_EXECUTABLE_FOLDER_PATH)/IACC";
			};
			name = Release;
		};
		CDCCD46A2ACA8A1900763273 /* Debug */ = {
			isa = XCBuildConfiguration;
			buildSettings = {
				ALWAYS_SEARCH_USER_PATHS = NO;
				CLANG_ANALYZER_NONNULL = YES;
				CLANG_ANALYZER_NUMBER_OBJECT_CONVERSION = YES_AGGRESSIVE;
				CLANG_CXX_LANGUAGE_STANDARD = "gnu++20";
				CLANG_ENABLE_MODULES = YES;
				CLANG_ENABLE_OBJC_ARC = YES;
				CLANG_ENABLE_OBJC_WEAK = YES;
				CLANG_WARN_BLOCK_CAPTURE_AUTORELEASING = YES;
				CLANG_WARN_BOOL_CONVERSION = YES;
				CLANG_WARN_COMMA = YES;
				CLANG_WARN_CONSTANT_CONVERSION = YES;
				CLANG_WARN_DEPRECATED_OBJC_IMPLEMENTATIONS = YES;
				CLANG_WARN_DIRECT_OBJC_ISA_USAGE = YES_ERROR;
				CLANG_WARN_DOCUMENTATION_COMMENTS = YES;
				CLANG_WARN_EMPTY_BODY = YES;
				CLANG_WARN_ENUM_CONVERSION = YES;
				CLANG_WARN_INFINITE_RECURSION = YES;
				CLANG_WARN_INT_CONVERSION = YES;
				CLANG_WARN_NON_LITERAL_NULL_CONVERSION = YES;
				CLANG_WARN_OBJC_IMPLICIT_RETAIN_SELF = YES;
				CLANG_WARN_OBJC_LITERAL_CONVERSION = YES;
				CLANG_WARN_OBJC_ROOT_CLASS = YES_ERROR;
				CLANG_WARN_QUOTED_INCLUDE_IN_FRAMEWORK_HEADER = YES;
				CLANG_WARN_RANGE_LOOP_ANALYSIS = YES;
				CLANG_WARN_STRICT_PROTOTYPES = YES;
				CLANG_WARN_SUSPICIOUS_MOVE = YES;
				CLANG_WARN_UNGUARDED_AVAILABILITY = YES_AGGRESSIVE;
				CLANG_WARN_UNREACHABLE_CODE = YES;
				CLANG_WARN__DUPLICATE_METHOD_MATCH = YES;
				COPY_PHASE_STRIP = NO;
				DEBUG_INFORMATION_FORMAT = dwarf;
				ENABLE_STRICT_OBJC_MSGSEND = YES;
				ENABLE_TESTABILITY = YES;
				GCC_C_LANGUAGE_STANDARD = gnu11;
				GCC_DYNAMIC_NO_PIC = NO;
				GCC_NO_COMMON_BLOCKS = YES;
				GCC_OPTIMIZATION_LEVEL = 0;
				GCC_PREPROCESSOR_DEFINITIONS = (
					"DEBUG=1",
					"$(inherited)",
				);
				GCC_WARN_64_TO_32_BIT_CONVERSION = YES;
				GCC_WARN_ABOUT_RETURN_TYPE = YES_ERROR;
				GCC_WARN_UNDECLARED_SELECTOR = YES;
				GCC_WARN_UNINITIALIZED_AUTOS = YES_AGGRESSIVE;
				GCC_WARN_UNUSED_FUNCTION = YES;
				GCC_WARN_UNUSED_VARIABLE = YES;
				IPHONEOS_DEPLOYMENT_TARGET = 16.2;
				MTL_ENABLE_DEBUG_INFO = INCLUDE_SOURCE;
				MTL_FAST_MATH = YES;
				ONLY_ACTIVE_ARCH = YES;
				SDKROOT = iphoneos;
				SWIFT_ACTIVE_COMPILATION_CONDITIONS = DEBUG;
				SWIFT_OPTIMIZATION_LEVEL = "-Onone";
			};
			name = Debug;
		};
		CDCCD46B2ACA8A1900763273 /* Release */ = {
			isa = XCBuildConfiguration;
			buildSettings = {
				ALWAYS_SEARCH_USER_PATHS = NO;
				CLANG_ANALYZER_NONNULL = YES;
				CLANG_ANALYZER_NUMBER_OBJECT_CONVERSION = YES_AGGRESSIVE;
				CLANG_CXX_LANGUAGE_STANDARD = "gnu++20";
				CLANG_ENABLE_MODULES = YES;
				CLANG_ENABLE_OBJC_ARC = YES;
				CLANG_ENABLE_OBJC_WEAK = YES;
				CLANG_WARN_BLOCK_CAPTURE_AUTORELEASING = YES;
				CLANG_WARN_BOOL_CONVERSION = YES;
				CLANG_WARN_COMMA = YES;
				CLANG_WARN_CONSTANT_CONVERSION = YES;
				CLANG_WARN_DEPRECATED_OBJC_IMPLEMENTATIONS = YES;
				CLANG_WARN_DIRECT_OBJC_ISA_USAGE = YES_ERROR;
				CLANG_WARN_DOCUMENTATION_COMMENTS = YES;
				CLANG_WARN_EMPTY_BODY = YES;
				CLANG_WARN_ENUM_CONVERSION = YES;
				CLANG_WARN_INFINITE_RECURSION = YES;
				CLANG_WARN_INT_CONVERSION = YES;
				CLANG_WARN_NON_LITERAL_NULL_CONVERSION = YES;
				CLANG_WARN_OBJC_IMPLICIT_RETAIN_SELF = YES;
				CLANG_WARN_OBJC_LITERAL_CONVERSION = YES;
				CLANG_WARN_OBJC_ROOT_CLASS = YES_ERROR;
				CLANG_WARN_QUOTED_INCLUDE_IN_FRAMEWORK_HEADER = YES;
				CLANG_WARN_RANGE_LOOP_ANALYSIS = YES;
				CLANG_WARN_STRICT_PROTOTYPES = YES;
				CLANG_WARN_SUSPICIOUS_MOVE = YES;
				CLANG_WARN_UNGUARDED_AVAILABILITY = YES_AGGRESSIVE;
				CLANG_WARN_UNREACHABLE_CODE = YES;
				CLANG_WARN__DUPLICATE_METHOD_MATCH = YES;
				COPY_PHASE_STRIP = NO;
				DEBUG_INFORMATION_FORMAT = "dwarf-with-dsym";
				ENABLE_NS_ASSERTIONS = NO;
				ENABLE_STRICT_OBJC_MSGSEND = YES;
				GCC_C_LANGUAGE_STANDARD = gnu11;
				GCC_NO_COMMON_BLOCKS = YES;
				GCC_WARN_64_TO_32_BIT_CONVERSION = YES;
				GCC_WARN_ABOUT_RETURN_TYPE = YES_ERROR;
				GCC_WARN_UNDECLARED_SELECTOR = YES;
				GCC_WARN_UNINITIALIZED_AUTOS = YES_AGGRESSIVE;
				GCC_WARN_UNUSED_FUNCTION = YES;
				GCC_WARN_UNUSED_VARIABLE = YES;
				IPHONEOS_DEPLOYMENT_TARGET = 16.2;
				MTL_ENABLE_DEBUG_INFO = NO;
				MTL_FAST_MATH = YES;
				SDKROOT = iphoneos;
				SWIFT_COMPILATION_MODE = wholemodule;
				SWIFT_OPTIMIZATION_LEVEL = "-O";
				VALIDATE_PRODUCT = YES;
			};
			name = Release;
		};
		CDCCD46D2ACA8A1900763273 /* Debug */ = {
			isa = XCBuildConfiguration;
			buildSettings = {
				ASSETCATALOG_COMPILER_APPICON_NAME = AppIcon;
				ASSETCATALOG_COMPILER_GLOBAL_ACCENT_COLOR_NAME = AccentColor;
				CODE_SIGN_STYLE = Automatic;
				CURRENT_PROJECT_VERSION = 1;
				DEVELOPMENT_TEAM = 52W5AMT5C2;
				GENERATE_INFOPLIST_FILE = YES;
				INFOPLIST_FILE = IACC/Info.plist;
				INFOPLIST_KEY_UIApplicationSupportsIndirectInputEvents = YES;
				INFOPLIST_KEY_UILaunchStoryboardName = LaunchScreen;
				INFOPLIST_KEY_UISupportedInterfaceOrientations_iPad = "UIInterfaceOrientationPortrait UIInterfaceOrientationPortraitUpsideDown UIInterfaceOrientationLandscapeLeft UIInterfaceOrientationLandscapeRight";
				INFOPLIST_KEY_UISupportedInterfaceOrientations_iPhone = "UIInterfaceOrientationPortrait UIInterfaceOrientationLandscapeLeft UIInterfaceOrientationLandscapeRight";
				LD_RUNPATH_SEARCH_PATHS = (
					"$(inherited)",
					"@executable_path/Frameworks",
				);
				MARKETING_VERSION = 1.0;
				PRODUCT_BUNDLE_IDENTIFIER = mbayi.IACC;
				PRODUCT_NAME = "$(TARGET_NAME)";
				SWIFT_EMIT_LOC_STRINGS = YES;
				SWIFT_VERSION = 5.0;
				TARGETED_DEVICE_FAMILY = "1,2";
			};
			name = Debug;
		};
		CDCCD46E2ACA8A1900763273 /* Release */ = {
			isa = XCBuildConfiguration;
			buildSettings = {
				ASSETCATALOG_COMPILER_APPICON_NAME = AppIcon;
				ASSETCATALOG_COMPILER_GLOBAL_ACCENT_COLOR_NAME = AccentColor;
				CODE_SIGN_STYLE = Automatic;
				CURRENT_PROJECT_VERSION = 1;
				DEVELOPMENT_TEAM = 52W5AMT5C2;
				GENERATE_INFOPLIST_FILE = YES;
				INFOPLIST_FILE = IACC/Info.plist;
				INFOPLIST_KEY_UIApplicationSupportsIndirectInputEvents = YES;
				INFOPLIST_KEY_UILaunchStoryboardName = LaunchScreen;
				INFOPLIST_KEY_UISupportedInterfaceOrientations_iPad = "UIInterfaceOrientationPortrait UIInterfaceOrientationPortraitUpsideDown UIInterfaceOrientationLandscapeLeft UIInterfaceOrientationLandscapeRight";
				INFOPLIST_KEY_UISupportedInterfaceOrientations_iPhone = "UIInterfaceOrientationPortrait UIInterfaceOrientationLandscapeLeft UIInterfaceOrientationLandscapeRight";
				LD_RUNPATH_SEARCH_PATHS = (
					"$(inherited)",
					"@executable_path/Frameworks",
				);
				MARKETING_VERSION = 1.0;
				PRODUCT_BUNDLE_IDENTIFIER = mbayi.IACC;
				PRODUCT_NAME = "$(TARGET_NAME)";
				SWIFT_EMIT_LOC_STRINGS = YES;
				SWIFT_VERSION = 5.0;
				TARGETED_DEVICE_FAMILY = "1,2";
			};
			name = Release;
		};
/* End XCBuildConfiguration section */

/* Begin XCConfigurationList section */
		CD3E3F412ACB00560042516E /* Build configuration list for PBXNativeTarget "IACCTests" */ = {
			isa = XCConfigurationList;
			buildConfigurations = (
				CD3E3F422ACB00560042516E /* Debug */,
				CD3E3F432ACB00560042516E /* Release */,
			);
			defaultConfigurationIsVisible = 0;
			defaultConfigurationName = Release;
		};
		CDCCD4532ACA8A1200763273 /* Build configuration list for PBXProject "IACC" */ = {
			isa = XCConfigurationList;
			buildConfigurations = (
				CDCCD46A2ACA8A1900763273 /* Debug */,
				CDCCD46B2ACA8A1900763273 /* Release */,
			);
			defaultConfigurationIsVisible = 0;
			defaultConfigurationName = Release;
		};
		CDCCD46C2ACA8A1900763273 /* Build configuration list for PBXNativeTarget "IACC" */ = {
			isa = XCConfigurationList;
			buildConfigurations = (
				CDCCD46D2ACA8A1900763273 /* Debug */,
				CDCCD46E2ACA8A1900763273 /* Release */,
			);
			defaultConfigurationIsVisible = 0;
			defaultConfigurationName = Release;
		};
/* End XCConfigurationList section */
	};
	rootObject = CDCCD4502ACA8A1200763273 /* Project object */;
}
